// !$*UTF8*$!
{
	archiveVersion = 1;
	classes = {
	};
	objectVersion = 50;
	objects = {

/* Begin PBXBuildFile section */
		089265F125CDCE0A00B7D9B7 /* AppDelegate.swift in Sources */ = {isa = PBXBuildFile; fileRef = 089265F025CDCE0A00B7D9B7 /* AppDelegate.swift */; };
		089265F325CDCE0A00B7D9B7 /* SceneDelegate.swift in Sources */ = {isa = PBXBuildFile; fileRef = 089265F225CDCE0A00B7D9B7 /* SceneDelegate.swift */; };
		089265F525CDCE0A00B7D9B7 /* ContentView.swift in Sources */ = {isa = PBXBuildFile; fileRef = 089265F425CDCE0A00B7D9B7 /* ContentView.swift */; };
		089265F825CDCE0B00B7D9B7 /* CoreData_Add_Object.xcdatamodeld in Sources */ = {isa = PBXBuildFile; fileRef = 089265F625CDCE0B00B7D9B7 /* CoreData_Add_Object.xcdatamodeld */; };
		089265FA25CDCE0C00B7D9B7 /* Assets.xcassets in Resources */ = {isa = PBXBuildFile; fileRef = 089265F925CDCE0C00B7D9B7 /* Assets.xcassets */; };
		089265FD25CDCE0C00B7D9B7 /* Preview Assets.xcassets in Resources */ = {isa = PBXBuildFile; fileRef = 089265FC25CDCE0C00B7D9B7 /* Preview Assets.xcassets */; };
		0892660025CDCE0C00B7D9B7 /* LaunchScreen.storyboard in Resources */ = {isa = PBXBuildFile; fileRef = 089265FE25CDCE0C00B7D9B7 /* LaunchScreen.storyboard */; };
/* End PBXBuildFile section */

/* Begin PBXFileReference section */
		089265ED25CDCE0A00B7D9B7 /* CoreData-Add-Object.app */ = {isa = PBXFileReference; explicitFileType = wrapper.application; includeInIndex = 0; path = "CoreData-Add-Object.app"; sourceTree = BUILT_PRODUCTS_DIR; };
		089265F025CDCE0A00B7D9B7 /* AppDelegate.swift */ = {isa = PBXFileReference; lastKnownFileType = sourcecode.swift; path = AppDelegate.swift; sourceTree = "<group>"; };
		089265F225CDCE0A00B7D9B7 /* SceneDelegate.swift */ = {isa = PBXFileReference; lastKnownFileType = sourcecode.swift; path = SceneDelegate.swift; sourceTree = "<group>"; };
		089265F425CDCE0A00B7D9B7 /* ContentView.swift */ = {isa = PBXFileReference; lastKnownFileType = sourcecode.swift; path = ContentView.swift; sourceTree = "<group>"; };
		089265F725CDCE0B00B7D9B7 /* CoreData_Add_Object.xcdatamodel */ = {isa = PBXFileReference; lastKnownFileType = wrapper.xcdatamodel; path = CoreData_Add_Object.xcdatamodel; sourceTree = "<group>"; };
		089265F925CDCE0C00B7D9B7 /* Assets.xcassets */ = {isa = PBXFileReference; lastKnownFileType = folder.assetcatalog; path = Assets.xcassets; sourceTree = "<group>"; };
		089265FC25CDCE0C00B7D9B7 /* Preview Assets.xcassets */ = {isa = PBXFileReference; lastKnownFileType = folder.assetcatalog; path = "Preview Assets.xcassets"; sourceTree = "<group>"; };
		089265FF25CDCE0C00B7D9B7 /* Base */ = {isa = PBXFileReference; lastKnownFileType = file.storyboard; name = Base; path = Base.lproj/LaunchScreen.storyboard; sourceTree = "<group>"; };
		0892660125CDCE0C00B7D9B7 /* Info.plist */ = {isa = PBXFileReference; lastKnownFileType = text.plist.xml; path = Info.plist; sourceTree = "<group>"; };
/* End PBXFileReference section */

/* Begin PBXFrameworksBuildPhase section */
		089265EA25CDCE0A00B7D9B7 /* Frameworks */ = {
			isa = PBXFrameworksBuildPhase;
			buildActionMask = 2147483647;
			files = (
			);
			runOnlyForDeploymentPostprocessing = 0;
		};
/* End PBXFrameworksBuildPhase section */

/* Begin PBXGroup section */
		089265E425CDCE0A00B7D9B7 = {
			isa = PBXGroup;
			children = (
				089265EF25CDCE0A00B7D9B7 /* CoreData-Add-Object */,
				089265EE25CDCE0A00B7D9B7 /* Products */,
			);
			sourceTree = "<group>";
		};
		089265EE25CDCE0A00B7D9B7 /* Products */ = {
			isa = PBXGroup;
			children = (
				089265ED25CDCE0A00B7D9B7 /* CoreData-Add-Object.app */,
			);
			name = Products;
			sourceTree = "<group>";
		};
		089265EF25CDCE0A00B7D9B7 /* CoreData-Add-Object */ = {
			isa = PBXGroup;
			children = (
				089265F025CDCE0A00B7D9B7 /* AppDelegate.swift */,
				089265F225CDCE0A00B7D9B7 /* SceneDelegate.swift */,
				089265F425CDCE0A00B7D9B7 /* ContentView.swift */,
				089265F925CDCE0C00B7D9B7 /* Assets.xcassets */,
				089265FE25CDCE0C00B7D9B7 /* LaunchScreen.storyboard */,
				0892660125CDCE0C00B7D9B7 /* Info.plist */,
				089265F625CDCE0B00B7D9B7 /* CoreData_Add_Object.xcdatamodeld */,
				089265FB25CDCE0C00B7D9B7 /* Preview Content */,
			);
			path = "CoreData-Add-Object";
			sourceTree = "<group>";
		};
		089265FB25CDCE0C00B7D9B7 /* Preview Content */ = {
			isa = PBXGroup;
			children = (
				089265FC25CDCE0C00B7D9B7 /* Preview Assets.xcassets */,
			);
			path = "Preview Content";
			sourceTree = "<group>";
		};
/* End PBXGroup section */

/* Begin PBXNativeTarget section */
		089265EC25CDCE0A00B7D9B7 /* CoreData-Add-Object */ = {
			isa = PBXNativeTarget;
			buildConfigurationList = 0892660425CDCE0C00B7D9B7 /* Build configuration list for PBXNativeTarget "CoreData-Add-Object" */;
			buildPhases = (
				089265E925CDCE0A00B7D9B7 /* Sources */,
				089265EA25CDCE0A00B7D9B7 /* Frameworks */,
				089265EB25CDCE0A00B7D9B7 /* Resources */,
			);
			buildRules = (
			);
			dependencies = (
			);
			name = "CoreData-Add-Object";
			productName = "CoreData-Add-Object";
			productReference = 089265ED25CDCE0A00B7D9B7 /* CoreData-Add-Object.app */;
			productType = "com.apple.product-type.application";
		};
/* End PBXNativeTarget section */

/* Begin PBXProject section */
		089265E525CDCE0A00B7D9B7 /* Project object */ = {
			isa = PBXProject;
			attributes = {
				LastSwiftUpdateCheck = 1230;
				LastUpgradeCheck = 1230;
				TargetAttributes = {
					089265EC25CDCE0A00B7D9B7 = {
						CreatedOnToolsVersion = 12.3;
					};
				};
			};
			buildConfigurationList = 089265E825CDCE0A00B7D9B7 /* Build configuration list for PBXProject "CoreData-Add-Object" */;
			compatibilityVersion = "Xcode 9.3";
			developmentRegion = en;
			hasScannedForEncodings = 0;
			knownRegions = (
				en,
				Base,
			);
			mainGroup = 089265E425CDCE0A00B7D9B7;
			productRefGroup = 089265EE25CDCE0A00B7D9B7 /* Products */;
			projectDirPath = "";
			projectRoot = "";
			targets = (
				089265EC25CDCE0A00B7D9B7 /* CoreData-Add-Object */,
			);
		};
/* End PBXProject section */

/* Begin PBXResourcesBuildPhase section */
		089265EB25CDCE0A00B7D9B7 /* Resources */ = {
			isa = PBXResourcesBuildPhase;
			buildActionMask = 2147483647;
			files = (
				0892660025CDCE0C00B7D9B7 /* LaunchScreen.storyboard in Resources */,
				089265FD25CDCE0C00B7D9B7 /* Preview Assets.xcassets in Resources */,
				089265FA25CDCE0C00B7D9B7 /* Assets.xcassets in Resources */,
			);
			runOnlyForDeploymentPostprocessing = 0;
		};
/* End PBXResourcesBuildPhase section */

/* Begin PBXSourcesBuildPhase section */
		089265E925CDCE0A00B7D9B7 /* Sources */ = {
			isa = PBXSourcesBuildPhase;
			buildActionMask = 2147483647;
			files = (
				089265F125CDCE0A00B7D9B7 /* AppDelegate.swift in Sources */,
				089265F325CDCE0A00B7D9B7 /* SceneDelegate.swift in Sources */,
				089265F825CDCE0B00B7D9B7 /* CoreData_Add_Object.xcdatamodeld in Sources */,
				089265F525CDCE0A00B7D9B7 /* ContentView.swift in Sources */,
			);
			runOnlyForDeploymentPostprocessing = 0;
		};
/* End PBXSourcesBuildPhase section */

/* Begin PBXVariantGroup section */
		089265FE25CDCE0C00B7D9B7 /* LaunchScreen.storyboard */ = {
			isa = PBXVariantGroup;
			children = (
				089265FF25CDCE0C00B7D9B7 /* Base */,
			);
			name = LaunchScreen.storyboard;
			sourceTree = "<group>";
		};
/* End PBXVariantGroup section */

/* Begin XCBuildConfiguration section */
		0892660225CDCE0C00B7D9B7 /* Debug */ = {
			isa = XCBuildConfiguration;
			buildSettings = {
				ALWAYS_SEARCH_USER_PATHS = NO;
				CLANG_ANALYZER_NONNULL = YES;
				CLANG_ANALYZER_NUMBER_OBJECT_CONVERSION = YES_AGGRESSIVE;
				CLANG_CXX_LANGUAGE_STANDARD = "gnu++14";
				CLANG_CXX_LIBRARY = "libc++";
				CLANG_ENABLE_MODULES = YES;
				CLANG_ENABLE_OBJC_ARC = YES;
				CLANG_ENABLE_OBJC_WEAK = YES;
				CLANG_WARN_BLOCK_CAPTURE_AUTORELEASING = YES;
				CLANG_WARN_BOOL_CONVERSION = YES;
				CLANG_WARN_COMMA = YES;
				CLANG_WARN_CONSTANT_CONVERSION = YES;
				CLANG_WARN_DEPRECATED_OBJC_IMPLEMENTATIONS = YES;
				CLANG_WARN_DIRECT_OBJC_ISA_USAGE = YES_ERROR;
				CLANG_WARN_DOCUMENTATION_COMMENTS = YES;
				CLANG_WARN_EMPTY_BODY = YES;
				CLANG_WARN_ENUM_CONVERSION = YES;
				CLANG_WARN_INFINITE_RECURSION = YES;
				CLANG_WARN_INT_CONVERSION = YES;
				CLANG_WARN_NON_LITERAL_NULL_CONVERSION = YES;
				CLANG_WARN_OBJC_IMPLICIT_RETAIN_SELF = YES;
				CLANG_WARN_OBJC_LITERAL_CONVERSION = YES;
				CLANG_WARN_OBJC_ROOT_CLASS = YES_ERROR;
				CLANG_WARN_QUOTED_INCLUDE_IN_FRAMEWORK_HEADER = YES;
				CLANG_WARN_RANGE_LOOP_ANALYSIS = YES;
				CLANG_WARN_STRICT_PROTOTYPES = YES;
				CLANG_WARN_SUSPICIOUS_MOVE = YES;
				CLANG_WARN_UNGUARDED_AVAILABILITY = YES_AGGRESSIVE;
				CLANG_WARN_UNREACHABLE_CODE = YES;
				CLANG_WARN__DUPLICATE_METHOD_MATCH = YES;
				COPY_PHASE_STRIP = NO;
				DEBUG_INFORMATION_FORMAT = dwarf;
				ENABLE_STRICT_OBJC_MSGSEND = YES;
				ENABLE_TESTABILITY = YES;
				GCC_C_LANGUAGE_STANDARD = gnu11;
				GCC_DYNAMIC_NO_PIC = NO;
				GCC_NO_COMMON_BLOCKS = YES;
				GCC_OPTIMIZATION_LEVEL = 0;
				GCC_PREPROCESSOR_DEFINITIONS = (
					"DEBUG=1",
					"$(inherited)",
				);
				GCC_WARN_64_TO_32_BIT_CONVERSION = YES;
				GCC_WARN_ABOUT_RETURN_TYPE = YES_ERROR;
				GCC_WARN_UNDECLARED_SELECTOR = YES;
				GCC_WARN_UNINITIALIZED_AUTOS = YES_AGGRESSIVE;
				GCC_WARN_UNUSED_FUNCTION = YES;
				GCC_WARN_UNUSED_VARIABLE = YES;
				IPHONEOS_DEPLOYMENT_TARGET = 14.3;
				MTL_ENABLE_DEBUG_INFO = INCLUDE_SOURCE;
				MTL_FAST_MATH = YES;
				ONLY_ACTIVE_ARCH = YES;
				SDKROOT = iphoneos;
				SWIFT_ACTIVE_COMPILATION_CONDITIONS = DEBUG;
				SWIFT_OPTIMIZATION_LEVEL = "-Onone";
			};
			name = Debug;
		};
		0892660325CDCE0C00B7D9B7 /* Release */ = {
			isa = XCBuildConfiguration;
			buildSettings = {
				ALWAYS_SEARCH_USER_PATHS = NO;
				CLANG_ANALYZER_NONNULL = YES;
				CLANG_ANALYZER_NUMBER_OBJECT_CONVERSION = YES_AGGRESSIVE;
				CLANG_CXX_LANGUAGE_STANDARD = "gnu++14";
				CLANG_CXX_LIBRARY = "libc++";
				CLANG_ENABLE_MODULES = YES;
				CLANG_ENABLE_OBJC_ARC = YES;
				CLANG_ENABLE_OBJC_WEAK = YES;
				CLANG_WARN_BLOCK_CAPTURE_AUTORELEASING = YES;
				CLANG_WARN_BOOL_CONVERSION = YES;
				CLANG_WARN_COMMA = YES;
				CLANG_WARN_CONSTANT_CONVERSION = YES;
				CLANG_WARN_DEPRECATED_OBJC_IMPLEMENTATIONS = YES;
				CLANG_WARN_DIRECT_OBJC_ISA_USAGE = YES_ERROR;
				CLANG_WARN_DOCUMENTATION_COMMENTS = YES;
				CLANG_WARN_EMPTY_BODY = YES;
				CLANG_WARN_ENUM_CONVERSION = YES;
				CLANG_WARN_INFINITE_RECURSION = YES;
				CLANG_WARN_INT_CONVERSION = YES;
				CLANG_WARN_NON_LITERAL_NULL_CONVERSION = YES;
				CLANG_WARN_OBJC_IMPLICIT_RETAIN_SELF = YES;
				CLANG_WARN_OBJC_LITERAL_CONVERSION = YES;
				CLANG_WARN_OBJC_ROOT_CLASS = YES_ERROR;
				CLANG_WARN_QUOTED_INCLUDE_IN_FRAMEWORK_HEADER = YES;
				CLANG_WARN_RANGE_LOOP_ANALYSIS = YES;
				CLANG_WARN_STRICT_PROTOTYPES = YES;
				CLANG_WARN_SUSPICIOUS_MOVE = YES;
				CLANG_WARN_UNGUARDED_AVAILABILITY = YES_AGGRESSIVE;
				CLANG_WARN_UNREACHABLE_CODE = YES;
				CLANG_WARN__DUPLICATE_METHOD_MATCH = YES;
				COPY_PHASE_STRIP = NO;
				DEBUG_INFORMATION_FORMAT = "dwarf-with-dsym";
				ENABLE_NS_ASSERTIONS = NO;
				ENABLE_STRICT_OBJC_MSGSEND = YES;
				GCC_C_LANGUAGE_STANDARD = gnu11;
				GCC_NO_COMMON_BLOCKS = YES;
				GCC_WARN_64_TO_32_BIT_CONVERSION = YES;
				GCC_WARN_ABOUT_RETURN_TYPE = YES_ERROR;
				GCC_WARN_UNDECLARED_SELECTOR = YES;
				GCC_WARN_UNINITIALIZED_AUTOS = YES_AGGRESSIVE;
				GCC_WARN_UNUSED_FUNCTION = YES;
				GCC_WARN_UNUSED_VARIABLE = YES;
				IPHONEOS_DEPLOYMENT_TARGET = 14.3;
				MTL_ENABLE_DEBUG_INFO = NO;
				MTL_FAST_MATH = YES;
				SDKROOT = iphoneos;
				SWIFT_COMPILATION_MODE = wholemodule;
				SWIFT_OPTIMIZATION_LEVEL = "-O";
				VALIDATE_PRODUCT = YES;
			};
			name = Release;
		};
		0892660525CDCE0C00B7D9B7 /* Debug */ = {
			isa = XCBuildConfiguration;
			buildSettings = {
				ASSETCATALOG_COMPILER_APPICON_NAME = AppIcon;
				ASSETCATALOG_COMPILER_GLOBAL_ACCENT_COLOR_NAME = AccentColor;
				CODE_SIGN_STYLE = Automatic;
				DEVELOPMENT_ASSET_PATHS = "\"CoreData-Add-Object/Preview Content\"";
				DEVELOPMENT_TEAM = ZBCH42888L;
				ENABLE_PREVIEWS = YES;
				INFOPLIST_FILE = "CoreData-Add-Object/Info.plist";
				LD_RUNPATH_SEARCH_PATHS = (
					"$(inherited)",
					"@executable_path/Frameworks",
				);
				PRODUCT_BUNDLE_IDENTIFIER = "swift.CoreData-Add-Object";
				PRODUCT_NAME = "$(TARGET_NAME)";
				SWIFT_VERSION = 5.0;
				TARGETED_DEVICE_FAMILY = "1,2";
			};
			name = Debug;
		};
		0892660625CDCE0C00B7D9B7 /* Release */ = {
			isa = XCBuildConfiguration;
			buildSettings = {
				ASSETCATALOG_COMPILER_APPICON_NAME = AppIcon;
				ASSETCATALOG_COMPILER_GLOBAL_ACCENT_COLOR_NAME = AccentColor;
				CODE_SIGN_STYLE = Automatic;
				DEVELOPMENT_ASSET_PATHS = "\"CoreData-Add-Object/Preview Content\"";
				DEVELOPMENT_TEAM = ZBCH42888L;
				ENABLE_PREVIEWS = YES;
				INFOPLIST_FILE = "CoreData-Add-Object/Info.plist";
				LD_RUNPATH_SEARCH_PATHS = (
					"$(inherited)",
					"@executable_path/Frameworks",
				);
				PRODUCT_BUNDLE_IDENTIFIER = "swift.CoreData-Add-Object";
				PRODUCT_NAME = "$(TARGET_NAME)";
				SWIFT_VERSION = 5.0;
				TARGETED_DEVICE_FAMILY = "1,2";
			};
			name = Release;
		};
/* End XCBuildConfiguration section */

/* Begin XCConfigurationList section */
		089265E825CDCE0A00B7D9B7 /* Build configuration list for PBXProject "CoreData-Add-Object" */ = {
			isa = XCConfigurationList;
			buildConfigurations = (
				0892660225CDCE0C00B7D9B7 /* Debug */,
				0892660325CDCE0C00B7D9B7 /* Release */,
			);
			defaultConfigurationIsVisible = 0;
			defaultConfigurationName = Release;
		};
		0892660425CDCE0C00B7D9B7 /* Build configuration list for PBXNativeTarget "CoreData-Add-Object" */ = {
			isa = XCConfigurationList;
			buildConfigurations = (
				0892660525CDCE0C00B7D9B7 /* Debug */,
				0892660625CDCE0C00B7D9B7 /* Release */,
			);
			defaultConfigurationIsVisible = 0;
			defaultConfigurationName = Release;
		};
/* End XCConfigurationList section */

/* Begin XCVersionGroup section */
		089265F625CDCE0B00B7D9B7 /* CoreData_Add_Object.xcdatamodeld */ = {
			isa = XCVersionGroup;
			children = (
				089265F725CDCE0B00B7D9B7 /* CoreData_Add_Object.xcdatamodel */,
			);
			currentVersion = 089265F725CDCE0B00B7D9B7 /* CoreData_Add_Object.xcdatamodel */;
			path = CoreData_Add_Object.xcdatamodeld;
			sourceTree = "<group>";
			versionGroupType = wrapper.xcdatamodel;
		};
/* End XCVersionGroup section */
	};
	rootObject = 089265E525CDCE0A00B7D9B7 /* Project object */;
}
